// !$*UTF8*$!
{
	archiveVersion = 1;
	classes = {
	};
	objectVersion = 77;
	objects = {

/* Begin PBXContainerItemProxy section */
		130898862D4EDEEC00D36645 /* PBXContainerItemProxy */ = {
			isa = PBXContainerItemProxy;
			containerPortal = 1308986D2D4EDEEA00D36645 /* Project object */;
			proxyType = 1;
			remoteGlobalIDString = 130898742D4EDEEA00D36645;
			remoteInfo = MobileTips;
		};
		130898902D4EDEEC00D36645 /* PBXContainerItemProxy */ = {
			isa = PBXContainerItemProxy;
			containerPortal = 1308986D2D4EDEEA00D36645 /* Project object */;
			proxyType = 1;
			remoteGlobalIDString = 130898742D4EDEEA00D36645;
			remoteInfo = MobileTips;
		};
/* End PBXContainerItemProxy section */

/* Begin PBXFileReference section */
		130898752D4EDEEA00D36645 /* MobileTips.app */ = {isa = PBXFileReference; explicitFileType = wrapper.application; includeInIndex = 0; path = MobileTips.app; sourceTree = BUILT_PRODUCTS_DIR; };
		130898852D4EDEEC00D36645 /* MobileTipsTests.xctest */ = {isa = PBXFileReference; explicitFileType = wrapper.cfbundle; includeInIndex = 0; path = MobileTipsTests.xctest; sourceTree = BUILT_PRODUCTS_DIR; };
		1308988F2D4EDEEC00D36645 /* MobileTipsUITests.xctest */ = {isa = PBXFileReference; explicitFileType = wrapper.cfbundle; includeInIndex = 0; path = MobileTipsUITests.xctest; sourceTree = BUILT_PRODUCTS_DIR; };
/* End PBXFileReference section */

/* Begin PBXFileSystemSynchronizedRootGroup section */
		130898772D4EDEEA00D36645 /* MobileTips */ = {
			isa = PBXFileSystemSynchronizedRootGroup;
			path = MobileTips;
			sourceTree = "<group>";
		};
		130898882D4EDEEC00D36645 /* MobileTipsTests */ = {
			isa = PBXFileSystemSynchronizedRootGroup;
			path = MobileTipsTests;
			sourceTree = "<group>";
		};
		130898922D4EDEEC00D36645 /* MobileTipsUITests */ = {
			isa = PBXFileSystemSynchronizedRootGroup;
			path = MobileTipsUITests;
			sourceTree = "<group>";
		};
/* End PBXFileSystemSynchronizedRootGroup section */

/* Begin PBXFrameworksBuildPhase section */
		130898722D4EDEEA00D36645 /* Frameworks */ = {
			isa = PBXFrameworksBuildPhase;
			buildActionMask = 2147483647;
			files = (
			);
			runOnlyForDeploymentPostprocessing = 0;
		};
		130898822D4EDEEC00D36645 /* Frameworks */ = {
			isa = PBXFrameworksBuildPhase;
			buildActionMask = 2147483647;
			files = (
			);
			runOnlyForDeploymentPostprocessing = 0;
		};
		1308988C2D4EDEEC00D36645 /* Frameworks */ = {
			isa = PBXFrameworksBuildPhase;
			buildActionMask = 2147483647;
			files = (
			);
			runOnlyForDeploymentPostprocessing = 0;
		};
/* End PBXFrameworksBuildPhase section */

/* Begin PBXGroup section */
		1308986C2D4EDEEA00D36645 = {
			isa = PBXGroup;
			children = (
				130898772D4EDEEA00D36645 /* MobileTips */,
				130898882D4EDEEC00D36645 /* MobileTipsTests */,
				130898922D4EDEEC00D36645 /* MobileTipsUITests */,
				130898762D4EDEEA00D36645 /* Products */,
			);
			sourceTree = "<group>";
		};
		130898762D4EDEEA00D36645 /* Products */ = {
			isa = PBXGroup;
			children = (
				130898752D4EDEEA00D36645 /* MobileTips.app */,
				130898852D4EDEEC00D36645 /* MobileTipsTests.xctest */,
				1308988F2D4EDEEC00D36645 /* MobileTipsUITests.xctest */,
			);
			name = Products;
			sourceTree = "<group>";
		};
/* End PBXGroup section */

/* Begin PBXNativeTarget section */
		130898742D4EDEEA00D36645 /* MobileTips */ = {
			isa = PBXNativeTarget;
			buildConfigurationList = 130898992D4EDEEC00D36645 /* Build configuration list for PBXNativeTarget "MobileTips" */;
			buildPhases = (
				130898712D4EDEEA00D36645 /* Sources */,
				130898722D4EDEEA00D36645 /* Frameworks */,
				130898732D4EDEEA00D36645 /* Resources */,
			);
			buildRules = (
			);
			dependencies = (
			);
			fileSystemSynchronizedGroups = (
				130898772D4EDEEA00D36645 /* MobileTips */,
			);
			name = MobileTips;
			packageProductDependencies = (
			);
			productName = MobileTips;
			productReference = 130898752D4EDEEA00D36645 /* MobileTips.app */;
			productType = "com.apple.product-type.application";
		};
		130898842D4EDEEC00D36645 /* MobileTipsTests */ = {
			isa = PBXNativeTarget;
			buildConfigurationList = 1308989C2D4EDEEC00D36645 /* Build configuration list for PBXNativeTarget "MobileTipsTests" */;
			buildPhases = (
				130898812D4EDEEC00D36645 /* Sources */,
				130898822D4EDEEC00D36645 /* Frameworks */,
				130898832D4EDEEC00D36645 /* Resources */,
			);
			buildRules = (
			);
			dependencies = (
				130898872D4EDEEC00D36645 /* PBXTargetDependency */,
			);
			fileSystemSynchronizedGroups = (
				130898882D4EDEEC00D36645 /* MobileTipsTests */,
			);
			name = MobileTipsTests;
			packageProductDependencies = (
			);
			productName = MobileTipsTests;
			productReference = 130898852D4EDEEC00D36645 /* MobileTipsTests.xctest */;
			productType = "com.apple.product-type.bundle.unit-test";
		};
		1308988E2D4EDEEC00D36645 /* MobileTipsUITests */ = {
			isa = PBXNativeTarget;
			buildConfigurationList = 1308989F2D4EDEEC00D36645 /* Build configuration list for PBXNativeTarget "MobileTipsUITests" */;
			buildPhases = (
				1308988B2D4EDEEC00D36645 /* Sources */,
				1308988C2D4EDEEC00D36645 /* Frameworks */,
				1308988D2D4EDEEC00D36645 /* Resources */,
			);
			buildRules = (
			);
			dependencies = (
				130898912D4EDEEC00D36645 /* PBXTargetDependency */,
			);
			fileSystemSynchronizedGroups = (
				130898922D4EDEEC00D36645 /* MobileTipsUITests */,
			);
			name = MobileTipsUITests;
			packageProductDependencies = (
			);
			productName = MobileTipsUITests;
			productReference = 1308988F2D4EDEEC00D36645 /* MobileTipsUITests.xctest */;
			productType = "com.apple.product-type.bundle.ui-testing";
		};
/* End PBXNativeTarget section */

/* Begin PBXProject section */
		1308986D2D4EDEEA00D36645 /* Project object */ = {
			isa = PBXProject;
			attributes = {
				BuildIndependentTargetsInParallel = 1;
				LastSwiftUpdateCheck = 1620;
				LastUpgradeCheck = 1620;
				TargetAttributes = {
					130898742D4EDEEA00D36645 = {
						CreatedOnToolsVersion = 16.2;
					};
					130898842D4EDEEC00D36645 = {
						CreatedOnToolsVersion = 16.2;
						TestTargetID = 130898742D4EDEEA00D36645;
					};
					1308988E2D4EDEEC00D36645 = {
						CreatedOnToolsVersion = 16.2;
						TestTargetID = 130898742D4EDEEA00D36645;
					};
				};
			};
			buildConfigurationList = 130898702D4EDEEA00D36645 /* Build configuration list for PBXProject "MobileTips" */;
			developmentRegion = en;
			hasScannedForEncodings = 0;
			knownRegions = (
				en,
				Base,
			);
			mainGroup = 1308986C2D4EDEEA00D36645;
			minimizedProjectReferenceProxies = 1;
			preferredProjectObjectVersion = 77;
			productRefGroup = 130898762D4EDEEA00D36645 /* Products */;
			projectDirPath = "";
			projectRoot = "";
			targets = (
				130898742D4EDEEA00D36645 /* MobileTips */,
				130898842D4EDEEC00D36645 /* MobileTipsTests */,
				1308988E2D4EDEEC00D36645 /* MobileTipsUITests */,
			);
		};
/* End PBXProject section */

/* Begin PBXResourcesBuildPhase section */
		130898732D4EDEEA00D36645 /* Resources */ = {
			isa = PBXResourcesBuildPhase;
			buildActionMask = 2147483647;
			files = (
			);
			runOnlyForDeploymentPostprocessing = 0;
		};
		130898832D4EDEEC00D36645 /* Resources */ = {
			isa = PBXResourcesBuildPhase;
			buildActionMask = 2147483647;
			files = (
			);
			runOnlyForDeploymentPostprocessing = 0;
		};
		1308988D2D4EDEEC00D36645 /* Resources */ = {
			isa = PBXResourcesBuildPhase;
			buildActionMask = 2147483647;
			files = (
			);
			runOnlyForDeploymentPostprocessing = 0;
		};
/* End PBXResourcesBuildPhase section */

/* Begin PBXSourcesBuildPhase section */
		130898712D4EDEEA00D36645 /* Sources */ = {
			isa = PBXSourcesBuildPhase;
			buildActionMask = 2147483647;
			files = (
			);
			runOnlyForDeploymentPostprocessing = 0;
		};
		130898812D4EDEEC00D36645 /* Sources */ = {
			isa = PBXSourcesBuildPhase;
			buildActionMask = 2147483647;
			files = (
			);
			runOnlyForDeploymentPostprocessing = 0;
		};
		1308988B2D4EDEEC00D36645 /* Sources */ = {
			isa = PBXSourcesBuildPhase;
			buildActionMask = 2147483647;
			files = (
			);
			runOnlyForDeploymentPostprocessing = 0;
		};
/* End PBXSourcesBuildPhase section */

/* Begin PBXTargetDependency section */
		130898872D4EDEEC00D36645 /* PBXTargetDependency */ = {
			isa = PBXTargetDependency;
			target = 130898742D4EDEEA00D36645 /* MobileTips */;
			targetProxy = 130898862D4EDEEC00D36645 /* PBXContainerItemProxy */;
		};
		130898912D4EDEEC00D36645 /* PBXTargetDependency */ = {
			isa = PBXTargetDependency;
			target = 130898742D4EDEEA00D36645 /* MobileTips */;
			targetProxy = 130898902D4EDEEC00D36645 /* PBXContainerItemProxy */;
		};
/* End PBXTargetDependency section */

/* Begin XCBuildConfiguration section */
		130898972D4EDEEC00D36645 /* Debug */ = {
			isa = XCBuildConfiguration;
			buildSettings = {
				ALWAYS_SEARCH_USER_PATHS = NO;
				ASSETCATALOG_COMPILER_GENERATE_SWIFT_ASSET_SYMBOL_EXTENSIONS = YES;
				CLANG_ANALYZER_NONNULL = YES;
				CLANG_ANALYZER_NUMBER_OBJECT_CONVERSION = YES_AGGRESSIVE;
				CLANG_CXX_LANGUAGE_STANDARD = "gnu++20";
				CLANG_ENABLE_MODULES = YES;
				CLANG_ENABLE_OBJC_ARC = YES;
				CLANG_ENABLE_OBJC_WEAK = YES;
				CLANG_WARN_BLOCK_CAPTURE_AUTORELEASING = YES;
				CLANG_WARN_BOOL_CONVERSION = YES;
				CLANG_WARN_COMMA = YES;
				CLANG_WARN_CONSTANT_CONVERSION = YES;
				CLANG_WARN_DEPRECATED_OBJC_IMPLEMENTATIONS = YES;
				CLANG_WARN_DIRECT_OBJC_ISA_USAGE = YES_ERROR;
				CLANG_WARN_DOCUMENTATION_COMMENTS = YES;
				CLANG_WARN_EMPTY_BODY = YES;
				CLANG_WARN_ENUM_CONVERSION = YES;
				CLANG_WARN_INFINITE_RECURSION = YES;
				CLANG_WARN_INT_CONVERSION = YES;
				CLANG_WARN_NON_LITERAL_NULL_CONVERSION = YES;
				CLANG_WARN_OBJC_IMPLICIT_RETAIN_SELF = YES;
				CLANG_WARN_OBJC_LITERAL_CONVERSION = YES;
				CLANG_WARN_OBJC_ROOT_CLASS = YES_ERROR;
				CLANG_WARN_QUOTED_INCLUDE_IN_FRAMEWORK_HEADER = YES;
				CLANG_WARN_RANGE_LOOP_ANALYSIS = YES;
				CLANG_WARN_STRICT_PROTOTYPES = YES;
				CLANG_WARN_SUSPICIOUS_MOVE = YES;
				CLANG_WARN_UNGUARDED_AVAILABILITY = YES_AGGRESSIVE;
				CLANG_WARN_UNREACHABLE_CODE = YES;
				CLANG_WARN__DUPLICATE_METHOD_MATCH = YES;
				COPY_PHASE_STRIP = NO;
				DEBUG_INFORMATION_FORMAT = dwarf;
				ENABLE_STRICT_OBJC_MSGSEND = YES;
				ENABLE_TESTABILITY = YES;
				ENABLE_USER_SCRIPT_SANDBOXING = YES;
				GCC_C_LANGUAGE_STANDARD = gnu17;
				GCC_DYNAMIC_NO_PIC = NO;
				GCC_NO_COMMON_BLOCKS = YES;
				GCC_OPTIMIZATION_LEVEL = 0;
				GCC_PREPROCESSOR_DEFINITIONS = (
					"DEBUG=1",
					"$(inherited)",
				);
				GCC_WARN_64_TO_32_BIT_CONVERSION = YES;
				GCC_WARN_ABOUT_RETURN_TYPE = YES_ERROR;
				GCC_WARN_UNDECLARED_SELECTOR = YES;
				GCC_WARN_UNINITIALIZED_AUTOS = YES_AGGRESSIVE;
				GCC_WARN_UNUSED_FUNCTION = YES;
				GCC_WARN_UNUSED_VARIABLE = YES;
				IPHONEOS_DEPLOYMENT_TARGET = 18.2;
				LOCALIZATION_PREFERS_STRING_CATALOGS = YES;
				MTL_ENABLE_DEBUG_INFO = INCLUDE_SOURCE;
				MTL_FAST_MATH = YES;
				ONLY_ACTIVE_ARCH = YES;
				SDKROOT = iphoneos;
				SWIFT_ACTIVE_COMPILATION_CONDITIONS = "DEBUG $(inherited)";
				SWIFT_OPTIMIZATION_LEVEL = "-Onone";
			};
			name = Debug;
		};
		130898982D4EDEEC00D36645 /* Release */ = {
			isa = XCBuildConfiguration;
			buildSettings = {
				ALWAYS_SEARCH_USER_PATHS = NO;
				ASSETCATALOG_COMPILER_GENERATE_SWIFT_ASSET_SYMBOL_EXTENSIONS = YES;
				CLANG_ANALYZER_NONNULL = YES;
				CLANG_ANALYZER_NUMBER_OBJECT_CONVERSION = YES_AGGRESSIVE;
				CLANG_CXX_LANGUAGE_STANDARD = "gnu++20";
				CLANG_ENABLE_MODULES = YES;
				CLANG_ENABLE_OBJC_ARC = YES;
				CLANG_ENABLE_OBJC_WEAK = YES;
				CLANG_WARN_BLOCK_CAPTURE_AUTORELEASING = YES;
				CLANG_WARN_BOOL_CONVERSION = YES;
				CLANG_WARN_COMMA = YES;
				CLANG_WARN_CONSTANT_CONVERSION = YES;
				CLANG_WARN_DEPRECATED_OBJC_IMPLEMENTATIONS = YES;
				CLANG_WARN_DIRECT_OBJC_ISA_USAGE = YES_ERROR;
				CLANG_WARN_DOCUMENTATION_COMMENTS = YES;
				CLANG_WARN_EMPTY_BODY = YES;
				CLANG_WARN_ENUM_CONVERSION = YES;
				CLANG_WARN_INFINITE_RECURSION = YES;
				CLANG_WARN_INT_CONVERSION = YES;
				CLANG_WARN_NON_LITERAL_NULL_CONVERSION = YES;
				CLANG_WARN_OBJC_IMPLICIT_RETAIN_SELF = YES;
				CLANG_WARN_OBJC_LITERAL_CONVERSION = YES;
				CLANG_WARN_OBJC_ROOT_CLASS = YES_ERROR;
				CLANG_WARN_QUOTED_INCLUDE_IN_FRAMEWORK_HEADER = YES;
				CLANG_WARN_RANGE_LOOP_ANALYSIS = YES;
				CLANG_WARN_STRICT_PROTOTYPES = YES;
				CLANG_WARN_SUSPICIOUS_MOVE = YES;
				CLANG_WARN_UNGUARDED_AVAILABILITY = YES_AGGRESSIVE;
				CLANG_WARN_UNREACHABLE_CODE = YES;
				CLANG_WARN__DUPLICATE_METHOD_MATCH = YES;
				COPY_PHASE_STRIP = NO;
				DEBUG_INFORMATION_FORMAT = "dwarf-with-dsym";
				ENABLE_NS_ASSERTIONS = NO;
				ENABLE_STRICT_OBJC_MSGSEND = YES;
				ENABLE_USER_SCRIPT_SANDBOXING = YES;
				GCC_C_LANGUAGE_STANDARD = gnu17;
				GCC_NO_COMMON_BLOCKS = YES;
				GCC_WARN_64_TO_32_BIT_CONVERSION = YES;
				GCC_WARN_ABOUT_RETURN_TYPE = YES_ERROR;
				GCC_WARN_UNDECLARED_SELECTOR = YES;
				GCC_WARN_UNINITIALIZED_AUTOS = YES_AGGRESSIVE;
				GCC_WARN_UNUSED_FUNCTION = YES;
				GCC_WARN_UNUSED_VARIABLE = YES;
				IPHONEOS_DEPLOYMENT_TARGET = 18.2;
				LOCALIZATION_PREFERS_STRING_CATALOGS = YES;
				MTL_ENABLE_DEBUG_INFO = NO;
				MTL_FAST_MATH = YES;
				SDKROOT = iphoneos;
				SWIFT_COMPILATION_MODE = wholemodule;
				VALIDATE_PRODUCT = YES;
			};
			name = Release;
		};
		1308989A2D4EDEEC00D36645 /* Debug */ = {
			isa = XCBuildConfiguration;
			buildSettings = {
				ASSETCATALOG_COMPILER_APPICON_NAME = AppIcon;
				ASSETCATALOG_COMPILER_GLOBAL_ACCENT_COLOR_NAME = AccentColor;
				CODE_SIGN_STYLE = Automatic;
				CURRENT_PROJECT_VERSION = 1;
				DEVELOPMENT_ASSET_PATHS = "\"MobileTips/Preview Content\"";
				ENABLE_PREVIEWS = YES;
				GENERATE_INFOPLIST_FILE = YES;
				INFOPLIST_KEY_UIApplicationSceneManifest_Generation = YES;
				INFOPLIST_KEY_UIApplicationSupportsIndirectInputEvents = YES;
				INFOPLIST_KEY_UILaunchScreen_Generation = YES;
				INFOPLIST_KEY_UISupportedInterfaceOrientations_iPad = "UIInterfaceOrientationPortrait UIInterfaceOrientationPortraitUpsideDown UIInterfaceOrientationLandscapeLeft UIInterfaceOrientationLandscapeRight";
				INFOPLIST_KEY_UISupportedInterfaceOrientations_iPhone = "UIInterfaceOrientationPortrait UIInterfaceOrientationLandscapeLeft UIInterfaceOrientationLandscapeRight";
				LD_RUNPATH_SEARCH_PATHS = (
					"$(inherited)",
					"@executable_path/Frameworks",
				);
				MARKETING_VERSION = 1.0;
				PRODUCT_BUNDLE_IDENTIFIER = com.lacerda.MobileTips;
				PRODUCT_NAME = "$(TARGET_NAME)";
				SWIFT_EMIT_LOC_STRINGS = YES;
				SWIFT_VERSION = 5.0;
				TARGETED_DEVICE_FAMILY = "1,2";
			};
			name = Debug;
		};
		1308989B2D4EDEEC00D36645 /* Release */ = {
			isa = XCBuildConfiguration;
			buildSettings = {
				ASSETCATALOG_COMPILER_APPICON_NAME = AppIcon;
				ASSETCATALOG_COMPILER_GLOBAL_ACCENT_COLOR_NAME = AccentColor;
				CODE_SIGN_STYLE = Automatic;
				CURRENT_PROJECT_VERSION = 1;
				DEVELOPMENT_ASSET_PATHS = "\"MobileTips/Preview Content\"";
				ENABLE_PREVIEWS = YES;
				GENERATE_INFOPLIST_FILE = YES;
				INFOPLIST_KEY_UIApplicationSceneManifest_Generation = YES;
				INFOPLIST_KEY_UIApplicationSupportsIndirectInputEvents = YES;
				INFOPLIST_KEY_UILaunchScreen_Generation = YES;
				INFOPLIST_KEY_UISupportedInterfaceOrientations_iPad = "UIInterfaceOrientationPortrait UIInterfaceOrientationPortraitUpsideDown UIInterfaceOrientationLandscapeLeft UIInterfaceOrientationLandscapeRight";
				INFOPLIST_KEY_UISupportedInterfaceOrientations_iPhone = "UIInterfaceOrientationPortrait UIInterfaceOrientationLandscapeLeft UIInterfaceOrientationLandscapeRight";
				LD_RUNPATH_SEARCH_PATHS = (
					"$(inherited)",
					"@executable_path/Frameworks",
				);
				MARKETING_VERSION = 1.0;
				PRODUCT_BUNDLE_IDENTIFIER = com.lacerda.MobileTips;
				PRODUCT_NAME = "$(TARGET_NAME)";
				SWIFT_EMIT_LOC_STRINGS = YES;
				SWIFT_VERSION = 5.0;
				TARGETED_DEVICE_FAMILY = "1,2";
			};
			name = Release;
		};
		1308989D2D4EDEEC00D36645 /* Debug */ = {
			isa = XCBuildConfiguration;
			buildSettings = {
				BUNDLE_LOADER = "$(TEST_HOST)";
				CODE_SIGN_STYLE = Automatic;
				CURRENT_PROJECT_VERSION = 1;
				GENERATE_INFOPLIST_FILE = YES;
				IPHONEOS_DEPLOYMENT_TARGET = 18.2;
				MARKETING_VERSION = 1.0;
				PRODUCT_BUNDLE_IDENTIFIER = com.lacerda.MobileTipsTests;
				PRODUCT_NAME = "$(TARGET_NAME)";
				SWIFT_EMIT_LOC_STRINGS = NO;
				SWIFT_VERSION = 5.0;
				TARGETED_DEVICE_FAMILY = "1,2";
				TEST_HOST = "$(BUILT_PRODUCTS_DIR)/MobileTips.app/$(BUNDLE_EXECUTABLE_FOLDER_PATH)/MobileTips";
			};
			name = Debug;
		};
		1308989E2D4EDEEC00D36645 /* Release */ = {
			isa = XCBuildConfiguration;
			buildSettings = {
				BUNDLE_LOADER = "$(TEST_HOST)";
				CODE_SIGN_STYLE = Automatic;
				CURRENT_PROJECT_VERSION = 1;
				GENERATE_INFOPLIST_FILE = YES;
				IPHONEOS_DEPLOYMENT_TARGET = 18.2;
				MARKETING_VERSION = 1.0;
				PRODUCT_BUNDLE_IDENTIFIER = com.lacerda.MobileTipsTests;
				PRODUCT_NAME = "$(TARGET_NAME)";
				SWIFT_EMIT_LOC_STRINGS = NO;
				SWIFT_VERSION = 5.0;
				TARGETED_DEVICE_FAMILY = "1,2";
				TEST_HOST = "$(BUILT_PRODUCTS_DIR)/MobileTips.app/$(BUNDLE_EXECUTABLE_FOLDER_PATH)/MobileTips";
			};
			name = Release;
		};
		130898A02D4EDEEC00D36645 /* Debug */ = {
			isa = XCBuildConfiguration;
			buildSettings = {
				CODE_SIGN_STYLE = Automatic;
				CURRENT_PROJECT_VERSION = 1;
				GENERATE_INFOPLIST_FILE = YES;
				MARKETING_VERSION = 1.0;
				PRODUCT_BUNDLE_IDENTIFIER = com.lacerda.MobileTipsUITests;
				PRODUCT_NAME = "$(TARGET_NAME)";
				SWIFT_EMIT_LOC_STRINGS = NO;
				SWIFT_VERSION = 5.0;
				TARGETED_DEVICE_FAMILY = "1,2";
				TEST_TARGET_NAME = MobileTips;
			};
			name = Debug;
		};
		130898A12D4EDEEC00D36645 /* Release */ = {
			isa = XCBuildConfiguration;
			buildSettings = {
				CODE_SIGN_STYLE = Automatic;
				CURRENT_PROJECT_VERSION = 1;
				GENERATE_INFOPLIST_FILE = YES;
				MARKETING_VERSION = 1.0;
				PRODUCT_BUNDLE_IDENTIFIER = com.lacerda.MobileTipsUITests;
				PRODUCT_NAME = "$(TARGET_NAME)";
				SWIFT_EMIT_LOC_STRINGS = NO;
				SWIFT_VERSION = 5.0;
				TARGETED_DEVICE_FAMILY = "1,2";
				TEST_TARGET_NAME = MobileTips;
			};
			name = Release;
		};
/* End XCBuildConfiguration section */

/* Begin XCConfigurationList section */
		130898702D4EDEEA00D36645 /* Build configuration list for PBXProject "MobileTips" */ = {
			isa = XCConfigurationList;
			buildConfigurations = (
				130898972D4EDEEC00D36645 /* Debug */,
				130898982D4EDEEC00D36645 /* Release */,
			);
			defaultConfigurationIsVisible = 0;
			defaultConfigurationName = Release;
		};
		130898992D4EDEEC00D36645 /* Build configuration list for PBXNativeTarget "MobileTips" */ = {
			isa = XCConfigurationList;
			buildConfigurations = (
				1308989A2D4EDEEC00D36645 /* Debug */,
				1308989B2D4EDEEC00D36645 /* Release */,
			);
			defaultConfigurationIsVisible = 0;
			defaultConfigurationName = Release;
		};
		1308989C2D4EDEEC00D36645 /* Build configuration list for PBXNativeTarget "MobileTipsTests" */ = {
			isa = XCConfigurationList;
			buildConfigurations = (
				1308989D2D4EDEEC00D36645 /* Debug */,
				1308989E2D4EDEEC00D36645 /* Release */,
			);
			defaultConfigurationIsVisible = 0;
			defaultConfigurationName = Release;
		};
		1308989F2D4EDEEC00D36645 /* Build configuration list for PBXNativeTarget "MobileTipsUITests" */ = {
			isa = XCConfigurationList;
			buildConfigurations = (
				130898A02D4EDEEC00D36645 /* Debug */,
				130898A12D4EDEEC00D36645 /* Release */,
			);
			defaultConfigurationIsVisible = 0;
			defaultConfigurationName = Release;
		};
/* End XCConfigurationList section */
	};
	rootObject = 1308986D2D4EDEEA00D36645 /* Project object */;
}
